
Microsoft Visual Studio Solution File, Format Version 12.00
# Visual Studio Version 16
VisualStudioVersion = 16.0.31025.194
MinimumVisualStudioVersion = 10.0.40219.1
Project("{8BC9CEB8-8B4A-11D0-8D11-00A0C91BC942}") = "MenuBar_v3", "MenuBar_v3.vcxproj", "{D98152F8-B900-40A0-AF8F-9F7826547C12}"
EndProject
Global
	GlobalSection(SolutionConfigurationPlatforms) = preSolution
		Debug|x64 = Debug|x64
		Release|x64 = Release|x64
	EndGlobalSection
	GlobalSection(ProjectConfigurationPlatforms) = postSolution
		{D98152F8-B900-40A0-AF8F-9F7826547C12}.Debug|x64.ActiveCfg = Debug|x64
		{D98152F8-B900-40A0-AF8F-9F7826547C12}.Debug|x64.Build.0 = Debug|x64
		{D98152F8-B900-40A0-AF8F-9F7826547C12}.Release|x64.ActiveCfg = Release|x64
		{D98152F8-B900-40A0-AF8F-9F7826547C12}.Release|x64.Build.0 = Release|x64
	EndGlobalSection
	GlobalSection(SolutionProperties) = preSolution
		HideSolutionNode = FALSE
	EndGlobalSection
	GlobalSection(ExtensibilityGlobals) = postSolution
		SolutionGuid = {6B3EC7FE-030F-4A50-8B7A-BF89AE60A5D7}
	EndGlobalSection
EndGlobal
